
Microsoft Visual Studio Solution File, Format Version 12.00
# Visual Studio Version 17
VisualStudioVersion = 17.10.34928.147
MinimumVisualStudioVersion = 10.0.40219.1
Project("{FAE04EC0-301F-11D3-BF4B-00C04F79EFBC}") = "API-GateWay", "API-GateWay\API-GateWay.csproj", "{EFE81FE3-49DD-4102-AC3C-5152741F2871}"
EndProject
Project("{2150E333-8FDC-42A3-9474-1A3956D46DE8}") = "src", "src", "{4972333E-614B-4B36-BA9A-FD5A0B862789}"
EndProject
Project("{2150E333-8FDC-42A3-9474-1A3956D46DE8}") = "test", "test", "{CC7229B1-807A-4BD6-A339-060233057C8F}"
EndProject
Project("{FAE04EC0-301F-11D3-BF4B-00C04F79EFBC}") = "KS-TEST", "KS-TEST\KS-TEST.csproj", "{A3C1F8F8-B0BB-4135-AF1A-59C389502F59}"
EndProject
Project("{FAE04EC0-301F-11D3-BF4B-00C04F79EFBC}") = "API-Socail-Media", "API-Socail-Media\API-Socail-Media.csproj", "{9785507A-6EB5-42D3-BA1D-7F98A4E7888D}"
EndProject
Project("{FAE04EC0-301F-11D3-BF4B-00C04F79EFBC}") = "API-Bookings", "API-Bookings\API-Bookings.csproj", "{7A8EE32A-3AA8-43C8-ADDD-A09B0C5F681E}"
EndProject
Global
	GlobalSection(SolutionConfigurationPlatforms) = preSolution
		Debug|Any CPU = Debug|Any CPU
		Release|Any CPU = Release|Any CPU
	EndGlobalSection
	GlobalSection(ProjectConfigurationPlatforms) = postSolution
		{EFE81FE3-49DD-4102-AC3C-5152741F2871}.Debug|Any CPU.ActiveCfg = Debug|Any CPU
		{EFE81FE3-49DD-4102-AC3C-5152741F2871}.Debug|Any CPU.Build.0 = Debug|Any CPU
		{EFE81FE3-49DD-4102-AC3C-5152741F2871}.Release|Any CPU.ActiveCfg = Release|Any CPU
		{EFE81FE3-49DD-4102-AC3C-5152741F2871}.Release|Any CPU.Build.0 = Release|Any CPU
		{A3C1F8F8-B0BB-4135-AF1A-59C389502F59}.Debug|Any CPU.ActiveCfg = Debug|Any CPU
		{A3C1F8F8-B0BB-4135-AF1A-59C389502F59}.Debug|Any CPU.Build.0 = Debug|Any CPU
		{A3C1F8F8-B0BB-4135-AF1A-59C389502F59}.Release|Any CPU.ActiveCfg = Release|Any CPU
		{A3C1F8F8-B0BB-4135-AF1A-59C389502F59}.Release|Any CPU.Build.0 = Release|Any CPU
		{9785507A-6EB5-42D3-BA1D-7F98A4E7888D}.Debug|Any CPU.ActiveCfg = Debug|Any CPU
		{9785507A-6EB5-42D3-BA1D-7F98A4E7888D}.Debug|Any CPU.Build.0 = Debug|Any CPU
		{9785507A-6EB5-42D3-BA1D-7F98A4E7888D}.Release|Any CPU.ActiveCfg = Release|Any CPU
		{9785507A-6EB5-42D3-BA1D-7F98A4E7888D}.Release|Any CPU.Build.0 = Release|Any CPU
		{7A8EE32A-3AA8-43C8-ADDD-A09B0C5F681E}.Debug|Any CPU.ActiveCfg = Debug|Any CPU
		{7A8EE32A-3AA8-43C8-ADDD-A09B0C5F681E}.Debug|Any CPU.Build.0 = Debug|Any CPU
		{7A8EE32A-3AA8-43C8-ADDD-A09B0C5F681E}.Release|Any CPU.ActiveCfg = Release|Any CPU
		{7A8EE32A-3AA8-43C8-ADDD-A09B0C5F681E}.Release|Any CPU.Build.0 = Release|Any CPU
	EndGlobalSection
	GlobalSection(SolutionProperties) = preSolution
		HideSolutionNode = FALSE
	EndGlobalSection
	GlobalSection(NestedProjects) = preSolution
		{EFE81FE3-49DD-4102-AC3C-5152741F2871} = {4972333E-614B-4B36-BA9A-FD5A0B862789}
		{A3C1F8F8-B0BB-4135-AF1A-59C389502F59} = {CC7229B1-807A-4BD6-A339-060233057C8F}
		{9785507A-6EB5-42D3-BA1D-7F98A4E7888D} = {4972333E-614B-4B36-BA9A-FD5A0B862789}
		{7A8EE32A-3AA8-43C8-ADDD-A09B0C5F681E} = {4972333E-614B-4B36-BA9A-FD5A0B862789}
	EndGlobalSection
	GlobalSection(ExtensibilityGlobals) = postSolution
		SolutionGuid = {53566319-5F09-4AE0-A02A-7B9FE979CACC}
	EndGlobalSection
EndGlobal
